{
  "name": "geekstackflow",
  "version": "0.3.0",
  "lockfileVersion": 3,
  "requires": true,
  "packages": {
    "": {
      "name": "geekstackflow",
      "version": "0.3.0",
      "license": "MIT",
      "bin": {
        "geekstackflow": "init.js",
        "tcgflow": "init.js"
      },
      "engines": {
        "node": ">=22.0.0"
      }
    },
    "node_modules/geekstackflow": {
      "resolved": "",
      "link": true
    }
  }
}
